# generated by rye
# use `rye lock` or `rye sync` to update this lockfile
#
# last locked with the following flags:
#   pre: false
#   features: []
#   all-features: false
#   with-sources: false
#   generate-hashes: false
#   universal: false

-e file:.
annotated-types==0.7.0
    # via pydantic
black==24.8.0
    # via healthpartners-interview-data-engineer-take-home
certifi==2024.7.4
    # via requests
charset-normalizer==3.3.2
    # via requests
click==8.1.7
    # via black
colorama==0.4.6
    # via click
    # via pytest
dnspython==2.6.1
    # via email-validator
email-validator==2.2.0
    # via pydantic
idna==3.7
    # via email-validator
    # via requests
iniconfig==2.0.0
    # via pytest
mypy-extensions==1.0.0
    # via black
packaging==24.1
    # via black
    # via pytest
pathspec==0.12.1
    # via black
platformdirs==4.2.2
    # via black
pluggy==1.5.0
    # via pytest
pydantic==2.8.2
    # via healthpartners-interview-data-engineer-take-home
pydantic-core==2.20.1
    # via pydantic
pytest==8.3.2
    # via healthpartners-interview-data-engineer-take-home
requests==2.32.3
    # via healthpartners-interview-data-engineer-take-home
typing-extensions==4.12.2
    # via pydantic
    # via pydantic-core
urllib3==2.2.2
    # via requests
